<?xml version="1.0" encoding="utf-8"?>
<Project ToolsVersion="4.0" xmlns="http://schemas.microsoft.com/developer/msbuild/2003">
  <ItemGroup>
    <Filter Include="Source Files">
      <UniqueIdentifier>{4FC737F1-C7A5-4376-A066-2A32D752A2FF}</UniqueIdentifier>
      <Extensions>cpp;c;cc;cxx;def;odl;idl;hpj;bat;asm;asmx</Extensions>
    </Filter>
    <Filter Include="Header Files">
      <UniqueIdentifier>{93995380-89BD-4b04-88EB-625FBE52EBFB}</UniqueIdentifier>
      <Extensions>h;hh;hpp;hxx;hm;inl;inc;ipp;xsd</Extensions>
    </Filter>
    <Filter Include="Resource Files">
      <UniqueIdentifier>{67DA6AB6-F800-4c08-8B7A-83BB121AAD01}</UniqueIdentifier>
      <Extensions>rc;ico;cur;bmp;dlg;rc2;rct;bin;rgs;gif;jpg;jpeg;jpe;resx;tiff;tif;png;wav;mfcribbon-ms</Extensions>
    </Filter>
  </ItemGroup>
  <ItemGroup>
    <ClInclude Include="include\Binding.h">
      <Filter>Header Files</Filter>
    </ClInclude>
    <ClInclude Include="include\BoundExpressions.h">
      <Filter>Header Files</Filter>
    </ClInclude>
    <ClInclude Include="include\BoundLabel.h">
      <Filter>Header Files</Filter>
    </ClInclude>
    <ClInclude Include="include\BoundNode.h">
      <Filter>Header Files</Filter>
    </ClInclude>
    <ClInclude Include="include\BoundNodePrinter.h">
      <Filter>Header Files</Filter>
    </ClInclude>
    <ClInclude Include="include\BoundStatements.h">
      <Filter>Header Files</Filter>
    </ClInclude>
    <ClInclude Include="include\common.h">
      <Filter>Header Files</Filter>
    </ClInclude>
    <ClInclude Include="include\Compilation.h">
      <Filter>Header Files</Filter>
    </ClInclude>
    <ClInclude Include="include\ConsoleHelper.h">
      <Filter>Header Files</Filter>
    </ClInclude>
    <ClInclude Include="include\ControlFlowGraph.h">
      <Filter>Header Files</Filter>
    </ClInclude>
    <ClInclude Include="include\Conversion.h">
      <Filter>Header Files</Filter>
    </ClInclude>
    <ClInclude Include="include\Diagnostic.h">
      <Filter>Header Files</Filter>
    </ClInclude>
    <ClInclude Include="include\EnumHelper.h">
      <Filter>Header Files</Filter>
    </ClInclude>
    <ClInclude Include="include\helpers.h">
      <Filter>Header Files</Filter>
    </ClInclude>
    <ClInclude Include="include\IO.h">
      <Filter>Header Files</Filter>
    </ClInclude>
    <ClInclude Include="include\Lexer.h">
      <Filter>Header Files</Filter>
    </ClInclude>
    <ClInclude Include="include\Lowering.h">
      <Filter>Header Files</Filter>
    </ClInclude>
    <ClInclude Include="include\Parsing.h">
      <Filter>Header Files</Filter>
    </ClInclude>
    <ClInclude Include="include\ReflectionHelper.h">
      <Filter>Header Files</Filter>
    </ClInclude>
    <ClInclude Include="include\SourceText.h">
      <Filter>Header Files</Filter>
    </ClInclude>
    <ClInclude Include="include\stdafx.h">
      <Filter>Header Files</Filter>
    </ClInclude>
    <ClInclude Include="include\SymbolPrinter.h">
      <Filter>Header Files</Filter>
    </ClInclude>
    <ClInclude Include="include\Symbols.h">
      <Filter>Header Files</Filter>
    </ClInclude>
    <ClInclude Include="include\SyntaxExpressions.h">
      <Filter>Header Files</Filter>
    </ClInclude>
    <ClInclude Include="include\SyntaxKind.h">
      <Filter>Header Files</Filter>
    </ClInclude>
    <ClInclude Include="include\SyntaxStatements.h">
      <Filter>Header Files</Filter>
    </ClInclude>
    <ClInclude Include="include\SyntaxToken.h">
      <Filter>Header Files</Filter>
    </ClInclude>
  </ItemGroup>
  <ItemGroup>
    <ClCompile Include="src\Binding.cpp">
      <Filter>Source Files</Filter>
    </ClCompile>
    <ClCompile Include="src\BoundNode.cpp">
      <Filter>Source Files</Filter>
    </ClCompile>
    <ClCompile Include="src\BoundNodePrinter.cpp">
      <Filter>Source Files</Filter>
    </ClCompile>
    <ClCompile Include="src\Compilation.cpp">
      <Filter>Source Files</Filter>
    </ClCompile>
    <ClCompile Include="src\ConsoleHelper.cpp">
      <Filter>Source Files</Filter>
    </ClCompile>
    <ClCompile Include="src\ControlFlowGraph.cpp">
      <Filter>Source Files</Filter>
    </ClCompile>
    <ClCompile Include="src\Conversion.cpp">
      <Filter>Source Files</Filter>
    </ClCompile>
    <ClCompile Include="src\Diagnostic.cpp">
      <Filter>Source Files</Filter>
    </ClCompile>
    <ClCompile Include="src\dllmain.cpp">
      <Filter>Source Files</Filter>
    </ClCompile>
    <ClCompile Include="src\helpers.cpp">
      <Filter>Source Files</Filter>
    </ClCompile>
    <ClCompile Include="src\IO.cpp">
      <Filter>Source Files</Filter>
    </ClCompile>
    <ClCompile Include="src\Lexer.cpp">
      <Filter>Source Files</Filter>
    </ClCompile>
    <ClCompile Include="src\Lowering.cpp">
      <Filter>Source Files</Filter>
    </ClCompile>
    <ClCompile Include="src\Parsing.cpp">
      <Filter>Source Files</Filter>
    </ClCompile>
    <ClCompile Include="src\SourceText.cpp">
      <Filter>Source Files</Filter>
    </ClCompile>
    <ClCompile Include="src\stdafx.cpp">
      <Filter>Source Files</Filter>
    </ClCompile>
    <ClCompile Include="src\SymbolPrinter.cpp">
      <Filter>Source Files</Filter>
    </ClCompile>
    <ClCompile Include="src\Symbols.cpp">
      <Filter>Source Files</Filter>
    </ClCompile>
    <ClCompile Include="src\SyntaxExpressions.cpp">
      <Filter>Source Files</Filter>
    </ClCompile>
    <ClCompile Include="src\SyntaxKind.cpp">
      <Filter>Source Files</Filter>
    </ClCompile>
    <ClCompile Include="src\SyntaxStatements.cpp">
      <Filter>Source Files</Filter>
    </ClCompile>
    <ClCompile Include="src\SyntaxToken.cpp">
      <Filter>Source Files</Filter>
    </ClCompile>
  </ItemGroup>
</Project>