<?xml version="1.0" encoding="utf-8"?>
<Project ToolsVersion="4.0" xmlns="http://schemas.microsoft.com/developer/msbuild/2003">
  <ItemGroup>
    <Filter Include="Source Files">
      <UniqueIdentifier>{4FC737F1-C7A5-4376-A066-2A32D752A2FF}</UniqueIdentifier>
      <Extensions>cpp;c;cc;cxx;def;odl;idl;hpj;bat;asm;asmx</Extensions>
    </Filter>
    <Filter Include="Header Files">
      <UniqueIdentifier>{93995380-89BD-4b04-88EB-625FBE52EBFB}</UniqueIdentifier>
      <Extensions>h;hh;hpp;hxx;hm;inl;inc;ipp;xsd</Extensions>
    </Filter>
    <Filter Include="Resource Files">
      <UniqueIdentifier>{67DA6AB6-F800-4c08-8B7A-83BB121AAD01}</UniqueIdentifier>
      <Extensions>rc;ico;cur;bmp;dlg;rc2;rct;bin;rgs;gif;jpg;jpeg;jpe;resx;tiff;tif;png;wav;mfcribbon-ms</Extensions>
    </Filter>
  </ItemGroup>
  <ItemGroup>
    <ClInclude Include="stdafx.h">
      <Filter>Header Files</Filter>
    </ClInclude>
    <ClInclude Include="targetver.h">
      <Filter>Header Files</Filter>
    </ClInclude>
    <ClInclude Include="Diagnostic.h">
      <Filter>Header Files</Filter>
    </ClInclude>
    <ClInclude Include="common.h">
      <Filter>Header Files</Filter>
    </ClInclude>
    <ClInclude Include="Compilation.h">
      <Filter>Header Files</Filter>
    </ClInclude>
    <ClInclude Include="SourceText.h">
      <Filter>Header Files</Filter>
    </ClInclude>
    <ClInclude Include="Binding.h">
      <Filter>Header Files</Filter>
    </ClInclude>
    <ClInclude Include="helpers.h">
      <Filter>Header Files</Filter>
    </ClInclude>
    <ClInclude Include="Symbols.h">
      <Filter>Header Files</Filter>
    </ClInclude>
    <ClInclude Include="SyntaxKind.h">
      <Filter>Header Files</Filter>
    </ClInclude>
    <ClInclude Include="BoundLabel.h">
      <Filter>Header Files</Filter>
    </ClInclude>
    <ClInclude Include="BoundNode.h">
      <Filter>Header Files</Filter>
    </ClInclude>
    <ClInclude Include="BoundExpressions.h">
      <Filter>Header Files</Filter>
    </ClInclude>
    <ClInclude Include="BoundStatements.h">
      <Filter>Header Files</Filter>
    </ClInclude>
    <ClInclude Include="ReflectionHelper.h">
      <Filter>Header Files</Filter>
    </ClInclude>
    <ClInclude Include="EnumHelper.h">
      <Filter>Header Files</Filter>
    </ClInclude>
    <ClInclude Include="Conversion.h">
      <Filter>Header Files</Filter>
    </ClInclude>
    <ClInclude Include="SyntaxToken.h">
      <Filter>Header Files</Filter>
    </ClInclude>
    <ClInclude Include="Lexer.h">
      <Filter>Header Files</Filter>
    </ClInclude>
    <ClInclude Include="Parsing.h">
      <Filter>Header Files</Filter>
    </ClInclude>
    <ClInclude Include="IO.h">
      <Filter>Header Files</Filter>
    </ClInclude>
    <ClInclude Include="ConsoleHelper.h">
      <Filter>Header Files</Filter>
    </ClInclude>
    <ClInclude Include="BoundNodePrinter.h">
      <Filter>Header Files</Filter>
    </ClInclude>
    <ClInclude Include="SymbolPrinter.h">
      <Filter>Header Files</Filter>
    </ClInclude>
    <ClInclude Include="Lowering.h">
      <Filter>Header Files</Filter>
    </ClInclude>
    <ClInclude Include="ControlFlowGraph.h">
      <Filter>Header Files</Filter>
    </ClInclude>
  </ItemGroup>
  <ItemGroup>
    <ClCompile Include="stdafx.cpp">
      <Filter>Source Files</Filter>
    </ClCompile>
    <ClCompile Include="MCF.cpp">
      <Filter>Source Files</Filter>
    </ClCompile>
    <ClCompile Include="dllmain.cpp">
      <Filter>Source Files</Filter>
    </ClCompile>
    <ClCompile Include="Diagnostic.cpp">
      <Filter>Source Files</Filter>
    </ClCompile>
    <ClCompile Include="Compilation.cpp">
      <Filter>Source Files</Filter>
    </ClCompile>
    <ClCompile Include="SourceText.cpp">
      <Filter>Source Files</Filter>
    </ClCompile>
    <ClCompile Include="Binding.cpp">
      <Filter>Source Files</Filter>
    </ClCompile>
    <ClCompile Include="helpers.cpp">
      <Filter>Source Files</Filter>
    </ClCompile>
    <ClCompile Include="Symbols.cpp">
      <Filter>Source Files</Filter>
    </ClCompile>
    <ClCompile Include="SyntaxKind.cpp">
      <Filter>Source Files</Filter>
    </ClCompile>
    <ClCompile Include="BoundNode.cpp">
      <Filter>Source Files</Filter>
    </ClCompile>
    <ClCompile Include="BoundExpressions.cpp">
      <Filter>Source Files</Filter>
    </ClCompile>
    <ClCompile Include="BoundStatements.cpp">
      <Filter>Source Files</Filter>
    </ClCompile>
    <ClCompile Include="Conversion.cpp">
      <Filter>Source Files</Filter>
    </ClCompile>
    <ClCompile Include="SyntaxToken.cpp">
      <Filter>Source Files</Filter>
    </ClCompile>
    <ClCompile Include="Lexer.cpp">
      <Filter>Source Files</Filter>
    </ClCompile>
    <ClCompile Include="Parsing.cpp">
      <Filter>Source Files</Filter>
    </ClCompile>
    <ClCompile Include="IO.cpp">
      <Filter>Source Files</Filter>
    </ClCompile>
    <ClCompile Include="ConsoleHelper.cpp">
      <Filter>Source Files</Filter>
    </ClCompile>
    <ClCompile Include="BoundNodePrinter.cpp">
      <Filter>Source Files</Filter>
    </ClCompile>
    <ClCompile Include="SymbolPrinter.cpp">
      <Filter>Source Files</Filter>
    </ClCompile>
    <ClCompile Include="Lowering.cpp">
      <Filter>Source Files</Filter>
    </ClCompile>
    <ClCompile Include="ControlFlowGraph.cpp">
      <Filter>Source Files</Filter>
    </ClCompile>
  </ItemGroup>
</Project>